
Microsoft Visual Studio Solution File, Format Version 12.00
# Visual Studio 15
VisualStudioVersion = 15.0.28307.438
MinimumVisualStudioVersion = 10.0.40219.1
Project("{FAE04EC0-301F-11D3-BF4B-00C04F79EFBC}") = "Saper", "Saper\Saper.csproj", "{835793E4-AE04-40F4-9932-3AC2637A6662}"
EndProject
Global
	GlobalSection(SolutionConfigurationPlatforms) = preSolution
		Debug|Any CPU = Debug|Any CPU
		Release|Any CPU = Release|Any CPU
	EndGlobalSection
	GlobalSection(ProjectConfigurationPlatforms) = postSolution
		{835793E4-AE04-40F4-9932-3AC2637A6662}.Debug|Any CPU.ActiveCfg = Debug|Any CPU
		{835793E4-AE04-40F4-9932-3AC2637A6662}.Debug|Any CPU.Build.0 = Debug|Any CPU
		{835793E4-AE04-40F4-9932-3AC2637A6662}.Release|Any CPU.ActiveCfg = Release|Any CPU
		{835793E4-AE04-40F4-9932-3AC2637A6662}.Release|Any CPU.Build.0 = Release|Any CPU
	EndGlobalSection
	GlobalSection(SolutionProperties) = preSolution
		HideSolutionNode = FALSE
	EndGlobalSection
	GlobalSection(ExtensibilityGlobals) = postSolution
		SolutionGuid = {5981FA87-A142-4F48-8AB5-90E8A46F49E9}
	EndGlobalSection
EndGlobal
